
Microsoft Visual Studio Solution File, Format Version 12.00
# Visual Studio 2015
Project("{FAE04EC0-301F-11D3-BF4B-00C04F79EFBC}") = "J.K.S", "J.K.S.csproj", "{45D7F756-0BA8-DCD9-B048-8F77F8BA9381}"
EndProject
Global
	GlobalSection(SolutionConfigurationPlatforms) = preSolution
		Debug|Any CPU = Debug|Any CPU
		Release|Any CPU = Release|Any CPU
	EndGlobalSection
	GlobalSection(ProjectConfigurationPlatforms) = postSolution
		{45D7F756-0BA8-DCD9-B048-8F77F8BA9381}.Debug|Any CPU.ActiveCfg = Debug|Any CPU
		{45D7F756-0BA8-DCD9-B048-8F77F8BA9381}.Debug|Any CPU.Build.0 = Debug|Any CPU
		{45D7F756-0BA8-DCD9-B048-8F77F8BA9381}.Release|Any CPU.ActiveCfg = Release|Any CPU
		{45D7F756-0BA8-DCD9-B048-8F77F8BA9381}.Release|Any CPU.Build.0 = Release|Any CPU
	EndGlobalSection
	GlobalSection(SolutionProperties) = preSolution
		HideSolutionNode = FALSE
	EndGlobalSection
EndGlobal
